
Microsoft Visual Studio Solution File, Format Version 12.00
# Visual Studio 14
VisualStudioVersion = 14.0.24720.0
MinimumVisualStudioVersion = 10.0.40219.1
Project("{FAE04EC0-301F-11D3-BF4B-00C04F79EFBC}") = "HardTrainingCore", "HardTrainingCore\HardTrainingCore.csproj", "{A123FCD5-24AF-4316-BE46-421235E45AF2}"
EndProject
Project("{2150E333-8FDC-42A3-9474-1A3956D46DE8}") = "Tests", "Tests", "{6E5E80AA-0757-4E11-B4D4-1D143A26562E}"
EndProject
Project("{2150E333-8FDC-42A3-9474-1A3956D46DE8}") = "UI", "UI", "{16860223-4387-4183-8C8A-106A0EB26785}"
EndProject
Project("{2150E333-8FDC-42A3-9474-1A3956D46DE8}") = "Database", "Database", "{5A4476C0-CF15-41CB-A349-7AEB324D5A45}"
EndProject
Project("{2150E333-8FDC-42A3-9474-1A3956D46DE8}") = "Services", "Services", "{262F4DE2-CF69-4BA8-A615-19159A04C4F5}"
EndProject
Project("{FAE04EC0-301F-11D3-BF4B-00C04F79EFBC}") = "HardTrainingViews", "UI\HardTrainingViews\HardTrainingViews.csproj", "{BEC01634-4A44-4E76-9CB2-F4048A82C54E}"
EndProject
Project("{FAE04EC0-301F-11D3-BF4B-00C04F79EFBC}") = "HardTrainingViewsModel", "UI\HardTrainingViewsModel\HardTrainingViewsModel.csproj", "{9ABF1B77-8AA0-4A51-A4C9-B8DCF2D4BB14}"
EndProject
Project("{FAE04EC0-301F-11D3-BF4B-00C04F79EFBC}") = "HtEntityFrmModel", "Database\HtEntityFrm\HtEntityFrmModel.csproj", "{FFB9BC14-9CF3-4821-A63B-13B519A60893}"
EndProject
Project("{FAE04EC0-301F-11D3-BF4B-00C04F79EFBC}") = "HardTrainingServiceInterfaces", "Services\HardTrainingServiceInterfaces\HardTrainingServiceInterfaces.csproj", "{FA3C5201-BD8C-4AC5-95FF-3DE35873470F}"
EndProject
Project("{FAE04EC0-301F-11D3-BF4B-00C04F79EFBC}") = "HardTrainingServices", "Services\HardTrainingServices\HardTrainingServices.csproj", "{09E95D71-760B-419E-AB8A-0899D9077BA8}"
EndProject
Project("{FAE04EC0-301F-11D3-BF4B-00C04F79EFBC}") = "HardTrainingServicesTests", "Tests\HardTrainingServicesTests\HardTrainingServicesTests.csproj", "{24D784AC-8DAA-4BF1-A706-2F1F86BDAE45}"
EndProject
Project("{FAE04EC0-301F-11D3-BF4B-00C04F79EFBC}") = "HardTraiingViewsModelTests", "Tests\HardTraiingViewsModelTests\HardTraiingViewsModelTests.csproj", "{77CC3660-A935-4120-9A32-0C70A106B69C}"
EndProject
Project("{FAE04EC0-301F-11D3-BF4B-00C04F79EFBC}") = "HardTrainingCoreTests", "Tests\HardTrainingCoreTests\HardTrainingCoreTests.csproj", "{1F9B14B1-F346-4D4A-AA22-87EA382A1F6A}"
EndProject
Global
	GlobalSection(SolutionConfigurationPlatforms) = preSolution
		Debug|Any CPU = Debug|Any CPU
		Release|Any CPU = Release|Any CPU
	EndGlobalSection
	GlobalSection(ProjectConfigurationPlatforms) = postSolution
		{A123FCD5-24AF-4316-BE46-421235E45AF2}.Debug|Any CPU.ActiveCfg = Debug|Any CPU
		{A123FCD5-24AF-4316-BE46-421235E45AF2}.Debug|Any CPU.Build.0 = Debug|Any CPU
		{A123FCD5-24AF-4316-BE46-421235E45AF2}.Release|Any CPU.ActiveCfg = Release|Any CPU
		{A123FCD5-24AF-4316-BE46-421235E45AF2}.Release|Any CPU.Build.0 = Release|Any CPU
		{BEC01634-4A44-4E76-9CB2-F4048A82C54E}.Debug|Any CPU.ActiveCfg = Debug|Any CPU
		{BEC01634-4A44-4E76-9CB2-F4048A82C54E}.Debug|Any CPU.Build.0 = Debug|Any CPU
		{BEC01634-4A44-4E76-9CB2-F4048A82C54E}.Release|Any CPU.ActiveCfg = Release|Any CPU
		{BEC01634-4A44-4E76-9CB2-F4048A82C54E}.Release|Any CPU.Build.0 = Release|Any CPU
		{9ABF1B77-8AA0-4A51-A4C9-B8DCF2D4BB14}.Debug|Any CPU.ActiveCfg = Debug|Any CPU
		{9ABF1B77-8AA0-4A51-A4C9-B8DCF2D4BB14}.Debug|Any CPU.Build.0 = Debug|Any CPU
		{9ABF1B77-8AA0-4A51-A4C9-B8DCF2D4BB14}.Release|Any CPU.ActiveCfg = Release|Any CPU
		{9ABF1B77-8AA0-4A51-A4C9-B8DCF2D4BB14}.Release|Any CPU.Build.0 = Release|Any CPU
		{FFB9BC14-9CF3-4821-A63B-13B519A60893}.Debug|Any CPU.ActiveCfg = Debug|Any CPU
		{FFB9BC14-9CF3-4821-A63B-13B519A60893}.Debug|Any CPU.Build.0 = Debug|Any CPU
		{FFB9BC14-9CF3-4821-A63B-13B519A60893}.Release|Any CPU.ActiveCfg = Release|Any CPU
		{FFB9BC14-9CF3-4821-A63B-13B519A60893}.Release|Any CPU.Build.0 = Release|Any CPU
		{FA3C5201-BD8C-4AC5-95FF-3DE35873470F}.Debug|Any CPU.ActiveCfg = Debug|Any CPU
		{FA3C5201-BD8C-4AC5-95FF-3DE35873470F}.Debug|Any CPU.Build.0 = Debug|Any CPU
		{FA3C5201-BD8C-4AC5-95FF-3DE35873470F}.Release|Any CPU.ActiveCfg = Release|Any CPU
		{FA3C5201-BD8C-4AC5-95FF-3DE35873470F}.Release|Any CPU.Build.0 = Release|Any CPU
		{09E95D71-760B-419E-AB8A-0899D9077BA8}.Debug|Any CPU.ActiveCfg = Debug|Any CPU
		{09E95D71-760B-419E-AB8A-0899D9077BA8}.Debug|Any CPU.Build.0 = Debug|Any CPU
		{09E95D71-760B-419E-AB8A-0899D9077BA8}.Release|Any CPU.ActiveCfg = Release|Any CPU
		{09E95D71-760B-419E-AB8A-0899D9077BA8}.Release|Any CPU.Build.0 = Release|Any CPU
		{24D784AC-8DAA-4BF1-A706-2F1F86BDAE45}.Debug|Any CPU.ActiveCfg = Debug|Any CPU
		{24D784AC-8DAA-4BF1-A706-2F1F86BDAE45}.Debug|Any CPU.Build.0 = Debug|Any CPU
		{24D784AC-8DAA-4BF1-A706-2F1F86BDAE45}.Release|Any CPU.ActiveCfg = Release|Any CPU
		{24D784AC-8DAA-4BF1-A706-2F1F86BDAE45}.Release|Any CPU.Build.0 = Release|Any CPU
		{77CC3660-A935-4120-9A32-0C70A106B69C}.Debug|Any CPU.ActiveCfg = Debug|Any CPU
		{77CC3660-A935-4120-9A32-0C70A106B69C}.Debug|Any CPU.Build.0 = Debug|Any CPU
		{77CC3660-A935-4120-9A32-0C70A106B69C}.Release|Any CPU.ActiveCfg = Release|Any CPU
		{77CC3660-A935-4120-9A32-0C70A106B69C}.Release|Any CPU.Build.0 = Release|Any CPU
		{1F9B14B1-F346-4D4A-AA22-87EA382A1F6A}.Debug|Any CPU.ActiveCfg = Debug|Any CPU
		{1F9B14B1-F346-4D4A-AA22-87EA382A1F6A}.Debug|Any CPU.Build.0 = Debug|Any CPU
		{1F9B14B1-F346-4D4A-AA22-87EA382A1F6A}.Release|Any CPU.ActiveCfg = Release|Any CPU
		{1F9B14B1-F346-4D4A-AA22-87EA382A1F6A}.Release|Any CPU.Build.0 = Release|Any CPU
	EndGlobalSection
	GlobalSection(SolutionProperties) = preSolution
		HideSolutionNode = FALSE
	EndGlobalSection
	GlobalSection(NestedProjects) = preSolution
		{BEC01634-4A44-4E76-9CB2-F4048A82C54E} = {16860223-4387-4183-8C8A-106A0EB26785}
		{9ABF1B77-8AA0-4A51-A4C9-B8DCF2D4BB14} = {16860223-4387-4183-8C8A-106A0EB26785}
		{FFB9BC14-9CF3-4821-A63B-13B519A60893} = {5A4476C0-CF15-41CB-A349-7AEB324D5A45}
		{FA3C5201-BD8C-4AC5-95FF-3DE35873470F} = {262F4DE2-CF69-4BA8-A615-19159A04C4F5}
		{09E95D71-760B-419E-AB8A-0899D9077BA8} = {262F4DE2-CF69-4BA8-A615-19159A04C4F5}
		{24D784AC-8DAA-4BF1-A706-2F1F86BDAE45} = {6E5E80AA-0757-4E11-B4D4-1D143A26562E}
		{77CC3660-A935-4120-9A32-0C70A106B69C} = {6E5E80AA-0757-4E11-B4D4-1D143A26562E}
		{1F9B14B1-F346-4D4A-AA22-87EA382A1F6A} = {6E5E80AA-0757-4E11-B4D4-1D143A26562E}
	EndGlobalSection
EndGlobal
